// !$*UTF8*$!
{
	archiveVersion = 1;
	classes = {
	};
	objectVersion = 46;
	objects = {

/* Begin PBXBuildFile section */
		6DC203011D45BED100A0F189 /* main.m in Sources */ = {isa = PBXBuildFile; fileRef = 6DC203001D45BED100A0F189 /* main.m */; };
		6DC203041D45BED100A0F189 /* AppDelegate.m in Sources */ = {isa = PBXBuildFile; fileRef = 6DC203031D45BED100A0F189 /* AppDelegate.m */; };
		6DC203071D45BED100A0F189 /* ViewController.m in Sources */ = {isa = PBXBuildFile; fileRef = 6DC203061D45BED100A0F189 /* ViewController.m */; };
		6DC2030A1D45BED100A0F189 /* Main.storyboard in Resources */ = {isa = PBXBuildFile; fileRef = 6DC203081D45BED100A0F189 /* Main.storyboard */; };
		6DC2030C1D45BED100A0F189 /* Assets.xcassets in Resources */ = {isa = PBXBuildFile; fileRef = 6DC2030B1D45BED100A0F189 /* Assets.xcassets */; };
		6DC2030F1D45BED100A0F189 /* LaunchScreen.storyboard in Resources */ = {isa = PBXBuildFile; fileRef = 6DC2030D1D45BED100A0F189 /* LaunchScreen.storyboard */; };
		6DC203181D45BF4F00A0F189 /* SecondViewController.m in Sources */ = {isa = PBXBuildFile; fileRef = 6DC203171D45BF4F00A0F189 /* SecondViewController.m */; };
		6DC2031C1D45C0A200A0F189 /* CustomNavigationBackButton.m in Sources */ = {isa = PBXBuildFile; fileRef = 6DC2031B1D45C0A200A0F189 /* CustomNavigationBackButton.m */; };
/* End PBXBuildFile section */

/* Begin PBXFileReference section */
		6DC202FC1D45BED100A0F189 /* CustomNavigationBackButton.app */ = {isa = PBXFileReference; explicitFileType = wrapper.application; includeInIndex = 0; path = CustomNavigationBackButton.app; sourceTree = BUILT_PRODUCTS_DIR; };
		6DC203001D45BED100A0F189 /* main.m */ = {isa = PBXFileReference; lastKnownFileType = sourcecode.c.objc; path = main.m; sourceTree = "<group>"; };
		6DC203021D45BED100A0F189 /* AppDelegate.h */ = {isa = PBXFileReference; lastKnownFileType = sourcecode.c.h; path = AppDelegate.h; sourceTree = "<group>"; };
		6DC203031D45BED100A0F189 /* AppDelegate.m */ = {isa = PBXFileReference; lastKnownFileType = sourcecode.c.objc; path = AppDelegate.m; sourceTree = "<group>"; };
		6DC203051D45BED100A0F189 /* ViewController.h */ = {isa = PBXFileReference; lastKnownFileType = sourcecode.c.h; path = ViewController.h; sourceTree = "<group>"; };
		6DC203061D45BED100A0F189 /* ViewController.m */ = {isa = PBXFileReference; lastKnownFileType = sourcecode.c.objc; path = ViewController.m; sourceTree = "<group>"; };
		6DC203091D45BED100A0F189 /* Base */ = {isa = PBXFileReference; lastKnownFileType = file.storyboard; name = Base; path = Base.lproj/Main.storyboard; sourceTree = "<group>"; };
		6DC2030B1D45BED100A0F189 /* Assets.xcassets */ = {isa = PBXFileReference; lastKnownFileType = folder.assetcatalog; path = Assets.xcassets; sourceTree = "<group>"; };
		6DC2030E1D45BED100A0F189 /* Base */ = {isa = PBXFileReference; lastKnownFileType = file.storyboard; name = Base; path = Base.lproj/LaunchScreen.storyboard; sourceTree = "<group>"; };
		6DC203101D45BED100A0F189 /* Info.plist */ = {isa = PBXFileReference; lastKnownFileType = text.plist.xml; path = Info.plist; sourceTree = "<group>"; };
		6DC203161D45BF4F00A0F189 /* SecondViewController.h */ = {isa = PBXFileReference; fileEncoding = 4; lastKnownFileType = sourcecode.c.h; path = SecondViewController.h; sourceTree = "<group>"; };
		6DC203171D45BF4F00A0F189 /* SecondViewController.m */ = {isa = PBXFileReference; fileEncoding = 4; lastKnownFileType = sourcecode.c.objc; path = SecondViewController.m; sourceTree = "<group>"; };
		6DC2031A1D45C0A200A0F189 /* CustomNavigationBackButton.h */ = {isa = PBXFileReference; fileEncoding = 4; lastKnownFileType = sourcecode.c.h; path = CustomNavigationBackButton.h; sourceTree = "<group>"; };
		6DC2031B1D45C0A200A0F189 /* CustomNavigationBackButton.m */ = {isa = PBXFileReference; fileEncoding = 4; lastKnownFileType = sourcecode.c.objc; path = CustomNavigationBackButton.m; sourceTree = "<group>"; };
/* End PBXFileReference section */

/* Begin PBXFrameworksBuildPhase section */
		6DC202F91D45BED100A0F189 /* Frameworks */ = {
			isa = PBXFrameworksBuildPhase;
			buildActionMask = 2147483647;
			files = (
			);
			runOnlyForDeploymentPostprocessing = 0;
		};
/* End PBXFrameworksBuildPhase section */

/* Begin PBXGroup section */
		6DC202F31D45BED100A0F189 = {
			isa = PBXGroup;
			children = (
				6DC202FE1D45BED100A0F189 /* CustomNavigationBackButton */,
				6DC202FD1D45BED100A0F189 /* Products */,
			);
			sourceTree = "<group>";
		};
		6DC202FD1D45BED100A0F189 /* Products */ = {
			isa = PBXGroup;
			children = (
				6DC202FC1D45BED100A0F189 /* CustomNavigationBackButton.app */,
			);
			name = Products;
			sourceTree = "<group>";
		};
		6DC202FE1D45BED100A0F189 /* CustomNavigationBackButton */ = {
			isa = PBXGroup;
			children = (
				6DC203021D45BED100A0F189 /* AppDelegate.h */,
				6DC203031D45BED100A0F189 /* AppDelegate.m */,
				6DC203051D45BED100A0F189 /* ViewController.h */,
				6DC203061D45BED100A0F189 /* ViewController.m */,
				6DC203161D45BF4F00A0F189 /* SecondViewController.h */,
				6DC203171D45BF4F00A0F189 /* SecondViewController.m */,
				6DC203191D45C0A200A0F189 /* NaviBackBtn */,
				6DC203081D45BED100A0F189 /* Main.storyboard */,
				6DC2030B1D45BED100A0F189 /* Assets.xcassets */,
				6DC2030D1D45BED100A0F189 /* LaunchScreen.storyboard */,
				6DC203101D45BED100A0F189 /* Info.plist */,
				6DC202FF1D45BED100A0F189 /* Supporting Files */,
			);
			path = CustomNavigationBackButton;
			sourceTree = "<group>";
		};
		6DC202FF1D45BED100A0F189 /* Supporting Files */ = {
			isa = PBXGroup;
			children = (
				6DC203001D45BED100A0F189 /* main.m */,
			);
			name = "Supporting Files";
			sourceTree = "<group>";
		};
		6DC203191D45C0A200A0F189 /* NaviBackBtn */ = {
			isa = PBXGroup;
			children = (
				6DC2031A1D45C0A200A0F189 /* CustomNavigationBackButton.h */,
				6DC2031B1D45C0A200A0F189 /* CustomNavigationBackButton.m */,
			);
			path = NaviBackBtn;
			sourceTree = "<group>";
		};
/* End PBXGroup section */

/* Begin PBXNativeTarget section */
		6DC202FB1D45BED100A0F189 /* CustomNavigationBackButton */ = {
			isa = PBXNativeTarget;
			buildConfigurationList = 6DC203131D45BED100A0F189 /* Build configuration list for PBXNativeTarget "CustomNavigationBackButton" */;
			buildPhases = (
				6DC202F81D45BED100A0F189 /* Sources */,
				6DC202F91D45BED100A0F189 /* Frameworks */,
				6DC202FA1D45BED100A0F189 /* Resources */,
			);
			buildRules = (
			);
			dependencies = (
			);
			name = CustomNavigationBackButton;
			productName = CustomNavigationBackButton;
			productReference = 6DC202FC1D45BED100A0F189 /* CustomNavigationBackButton.app */;
			productType = "com.apple.product-type.application";
		};
/* End PBXNativeTarget section */

/* Begin PBXProject section */
		6DC202F41D45BED100A0F189 /* Project object */ = {
			isa = PBXProject;
			attributes = {
				LastUpgradeCheck = 0730;
				ORGANIZATIONNAME = Leo_hsu;
				TargetAttributes = {
					6DC202FB1D45BED100A0F189 = {
						CreatedOnToolsVersion = 7.3.1;
					};
				};
			};
			buildConfigurationList = 6DC202F71D45BED100A0F189 /* Build configuration list for PBXProject "CustomNavigationBackButton" */;
			compatibilityVersion = "Xcode 3.2";
			developmentRegion = English;
			hasScannedForEncodings = 0;
			knownRegions = (
				en,
				Base,
			);
			mainGroup = 6DC202F31D45BED100A0F189;
			productRefGroup = 6DC202FD1D45BED100A0F189 /* Products */;
			projectDirPath = "";
			projectRoot = "";
			targets = (
				6DC202FB1D45BED100A0F189 /* CustomNavigationBackButton */,
			);
		};
/* End PBXProject section */

/* Begin PBXResourcesBuildPhase section */
		6DC202FA1D45BED100A0F189 /* Resources */ = {
			isa = PBXResourcesBuildPhase;
			buildActionMask = 2147483647;
			files = (
				6DC2030F1D45BED100A0F189 /* LaunchScreen.storyboard in Resources */,
				6DC2030C1D45BED100A0F189 /* Assets.xcassets in Resources */,
				6DC2030A1D45BED100A0F189 /* Main.storyboard in Resources */,
			);
			runOnlyForDeploymentPostprocessing = 0;
		};
/* End PBXResourcesBuildPhase section */

/* Begin PBXSourcesBuildPhase section */
		6DC202F81D45BED100A0F189 /* Sources */ = {
			isa = PBXSourcesBuildPhase;
			buildActionMask = 2147483647;
			files = (
				6DC203181D45BF4F00A0F189 /* SecondViewController.m in Sources */,
				6DC2031C1D45C0A200A0F189 /* CustomNavigationBackButton.m in Sources */,
				6DC203071D45BED100A0F189 /* ViewController.m in Sources */,
				6DC203041D45BED100A0F189 /* AppDelegate.m in Sources */,
				6DC203011D45BED100A0F189 /* main.m in Sources */,
			);
			runOnlyForDeploymentPostprocessing = 0;
		};
/* End PBXSourcesBuildPhase section */

/* Begin PBXVariantGroup section */
		6DC203081D45BED100A0F189 /* Main.storyboard */ = {
			isa = PBXVariantGroup;
			children = (
				6DC203091D45BED100A0F189 /* Base */,
			);
			name = Main.storyboard;
			sourceTree = "<group>";
		};
		6DC2030D1D45BED100A0F189 /* LaunchScreen.storyboard */ = {
			isa = PBXVariantGroup;
			children = (
				6DC2030E1D45BED100A0F189 /* Base */,
			);
			name = LaunchScreen.storyboard;
			sourceTree = "<group>";
		};
/* End PBXVariantGroup section */

/* Begin XCBuildConfiguration section */
		6DC203111D45BED100A0F189 /* Debug */ = {
			isa = XCBuildConfiguration;
			buildSettings = {
				ALWAYS_SEARCH_USER_PATHS = NO;
				CLANG_ANALYZER_NONNULL = YES;
				CLANG_CXX_LANGUAGE_STANDARD = "gnu++0x";
				CLANG_CXX_LIBRARY = "libc++";
				CLANG_ENABLE_MODULES = YES;
				CLANG_ENABLE_OBJC_ARC = YES;
				CLANG_WARN_BOOL_CONVERSION = YES;
				CLANG_WARN_CONSTANT_CONVERSION = YES;
				CLANG_WARN_DIRECT_OBJC_ISA_USAGE = YES_ERROR;
				CLANG_WARN_EMPTY_BODY = YES;
				CLANG_WARN_ENUM_CONVERSION = YES;
				CLANG_WARN_INT_CONVERSION = YES;
				CLANG_WARN_OBJC_ROOT_CLASS = YES_ERROR;
				CLANG_WARN_UNREACHABLE_CODE = YES;
				CLANG_WARN__DUPLICATE_METHOD_MATCH = YES;
				"CODE_SIGN_IDENTITY[sdk=iphoneos*]" = "iPhone Developer";
				COPY_PHASE_STRIP = NO;
				DEBUG_INFORMATION_FORMAT = dwarf;
				ENABLE_STRICT_OBJC_MSGSEND = YES;
				ENABLE_TESTABILITY = YES;
				GCC_C_LANGUAGE_STANDARD = gnu99;
				GCC_DYNAMIC_NO_PIC = NO;
				GCC_NO_COMMON_BLOCKS = YES;
				GCC_OPTIMIZATION_LEVEL = 0;
				GCC_PREPROCESSOR_DEFINITIONS = (
					"DEBUG=1",
					"$(inherited)",
				);
				GCC_WARN_64_TO_32_BIT_CONVERSION = YES;
				GCC_WARN_ABOUT_RETURN_TYPE = YES_ERROR;
				GCC_WARN_UNDECLARED_SELECTOR = YES;
				GCC_WARN_UNINITIALIZED_AUTOS = YES_AGGRESSIVE;
				GCC_WARN_UNUSED_FUNCTION = YES;
				GCC_WARN_UNUSED_VARIABLE = YES;
				IPHONEOS_DEPLOYMENT_TARGET = 9.3;
				MTL_ENABLE_DEBUG_INFO = YES;
				ONLY_ACTIVE_ARCH = YES;
				SDKROOT = iphoneos;
			};
			name = Debug;
		};
		6DC203121D45BED100A0F189 /* Release */ = {
			isa = XCBuildConfiguration;
			buildSettings = {
				ALWAYS_SEARCH_USER_PATHS = NO;
				CLANG_ANALYZER_NONNULL = YES;
				CLANG_CXX_LANGUAGE_STANDARD = "gnu++0x";
				CLANG_CXX_LIBRARY = "libc++";
				CLANG_ENABLE_MODULES = YES;
				CLANG_ENABLE_OBJC_ARC = YES;
				CLANG_WARN_BOOL_CONVERSION = YES;
				CLANG_WARN_CONSTANT_CONVERSION = YES;
				CLANG_WARN_DIRECT_OBJC_ISA_USAGE = YES_ERROR;
				CLANG_WARN_EMPTY_BODY = YES;
				CLANG_WARN_ENUM_CONVERSION = YES;
				CLANG_WARN_INT_CONVERSION = YES;
				CLANG_WARN_OBJC_ROOT_CLASS = YES_ERROR;
				CLANG_WARN_UNREACHABLE_CODE = YES;
				CLANG_WARN__DUPLICATE_METHOD_MATCH = YES;
				"CODE_SIGN_IDENTITY[sdk=iphoneos*]" = "iPhone Developer";
				COPY_PHASE_STRIP = NO;
				DEBUG_INFORMATION_FORMAT = "dwarf-with-dsym";
				ENABLE_NS_ASSERTIONS = NO;
				ENABLE_STRICT_OBJC_MSGSEND = YES;
				GCC_C_LANGUAGE_STANDARD = gnu99;
				GCC_NO_COMMON_BLOCKS = YES;
				GCC_WARN_64_TO_32_BIT_CONVERSION = YES;
				GCC_WARN_ABOUT_RETURN_TYPE = YES_ERROR;
				GCC_WARN_UNDECLARED_SELECTOR = YES;
				GCC_WARN_UNINITIALIZED_AUTOS = YES_AGGRESSIVE;
				GCC_WARN_UNUSED_FUNCTION = YES;
				GCC_WARN_UNUSED_VARIABLE = YES;
				IPHONEOS_DEPLOYMENT_TARGET = 9.3;
				MTL_ENABLE_DEBUG_INFO = NO;
				SDKROOT = iphoneos;
				VALIDATE_PRODUCT = YES;
			};
			name = Release;
		};
		6DC203141D45BED100A0F189 /* Debug */ = {
			isa = XCBuildConfiguration;
			buildSettings = {
				ASSETCATALOG_COMPILER_APPICON_NAME = AppIcon;
				INFOPLIST_FILE = CustomNavigationBackButton/Info.plist;
				LD_RUNPATH_SEARCH_PATHS = "$(inherited) @executable_path/Frameworks";
				PRODUCT_BUNDLE_IDENTIFIER = com.test.CustomNavigationBackButton;
				PRODUCT_NAME = "$(TARGET_NAME)";
			};
			name = Debug;
		};
		6DC203151D45BED100A0F189 /* Release */ = {
			isa = XCBuildConfiguration;
			buildSettings = {
				ASSETCATALOG_COMPILER_APPICON_NAME = AppIcon;
				INFOPLIST_FILE = CustomNavigationBackButton/Info.plist;
				LD_RUNPATH_SEARCH_PATHS = "$(inherited) @executable_path/Frameworks";
				PRODUCT_BUNDLE_IDENTIFIER = com.test.CustomNavigationBackButton;
				PRODUCT_NAME = "$(TARGET_NAME)";
			};
			name = Release;
		};
/* End XCBuildConfiguration section */

/* Begin XCConfigurationList section */
		6DC202F71D45BED100A0F189 /* Build configuration list for PBXProject "CustomNavigationBackButton" */ = {
			isa = XCConfigurationList;
			buildConfigurations = (
				6DC203111D45BED100A0F189 /* Debug */,
				6DC203121D45BED100A0F189 /* Release */,
			);
			defaultConfigurationIsVisible = 0;
			defaultConfigurationName = Release;
		};
		6DC203131D45BED100A0F189 /* Build configuration list for PBXNativeTarget "CustomNavigationBackButton" */ = {
			isa = XCConfigurationList;
			buildConfigurations = (
				6DC203141D45BED100A0F189 /* Debug */,
				6DC203151D45BED100A0F189 /* Release */,
			);
			defaultConfigurationIsVisible = 0;
		};
/* End XCConfigurationList section */
	};
	rootObject = 6DC202F41D45BED100A0F189 /* Project object */;
}
